{
  "name": "deep-end-reagent",
  "version": "1.0.0",
  "lockfileVersion": 1,
  "requires": true,
  "dependencies": {
    "photonkit": {
      "version": "0.1.2",
      "resolved": "https://registry.npmjs.org/photonkit/-/photonkit-0.1.2.tgz",
      "integrity": "sha1-VmLCsCurwRw4zz83k5LgCDrkVRI="
    }
  }
}
